{
  "nodes": {
    "nix-lefthook-git-conflict-markers": {
      "inputs": {
        "nixpkgs": [
          "nixpkgs"
        ]
      },
      "locked": {
        "lastModified": 1776659530,
        "narHash": "sha256-WF65qgn30N6GwcNZkwplOaLSSeZ5a27JLq9m0QaoPLo=",
        "owner": "pr0d1r2",
        "repo": "nix-lefthook-git-conflict-markers",
        "rev": "1d63789aef99563a7fff7ac4ddb053ff83d0608a",
        "type": "github"
      },
      "original": {
        "owner": "pr0d1r2",
        "repo": "nix-lefthook-git-conflict-markers",
        "type": "github"
      }
    },
    "nix-lefthook-git-conflict-markers_2": {
      "inputs": {
        "nixpkgs": [
          "nix-lefthook-taplo",
          "nixpkgs"
        ]
      },
      "locked": {
        "lastModified": 1776659530,
        "narHash": "sha256-WF65qgn30N6GwcNZkwplOaLSSeZ5a27JLq9m0QaoPLo=",
        "owner": "pr0d1r2",
        "repo": "nix-lefthook-git-conflict-markers",
        "rev": "1d63789aef99563a7fff7ac4ddb053ff83d0608a",
        "type": "github"
      },
      "original": {
        "owner": "pr0d1r2",
        "repo": "nix-lefthook-git-conflict-markers",
        "type": "github"
      }
    },
    "nix-lefthook-git-no-local-paths": {
      "inputs": {
        "nixpkgs": [
          "nixpkgs"
        ]
      },
      "locked": {
        "lastModified": 1776660552,
        "narHash": "sha256-pfAOffUQ31LaEdLSDwdOVnYbOpRjbO5/gUzy+SpiLww=",
        "owner": "pr0d1r2",
        "repo": "nix-lefthook-git-no-local-paths",
        "rev": "8d3532aef6f046af7644c4c747693d859ba4f8ba",
        "type": "github"
      },
      "original": {
        "owner": "pr0d1r2",
        "repo": "nix-lefthook-git-no-local-paths",
        "type": "github"
      }
    },
    "nix-lefthook-git-no-local-paths_2": {
      "inputs": {
        "nixpkgs": [
          "nix-lefthook-taplo",
          "nixpkgs"
        ]
      },
      "locked": {
        "lastModified": 1776660552,
        "narHash": "sha256-pfAOffUQ31LaEdLSDwdOVnYbOpRjbO5/gUzy+SpiLww=",
        "owner": "pr0d1r2",
        "repo": "nix-lefthook-git-no-local-paths",
        "rev": "8d3532aef6f046af7644c4c747693d859ba4f8ba",
        "type": "github"
      },
      "original": {
        "owner": "pr0d1r2",
        "repo": "nix-lefthook-git-no-local-paths",
        "type": "github"
      }
    },
    "nix-lefthook-missing-final-newline": {
      "inputs": {
        "nixpkgs": [
          "nixpkgs"
        ]
      },
      "locked": {
        "lastModified": 1776660214,
        "narHash": "sha256-8c9+8Y96Kfwax0gkV2q8nMC78f5SBtMeLThuYfoXbDw=",
        "owner": "pr0d1r2",
        "repo": "nix-lefthook-missing-final-newline",
        "rev": "4c054bb2d3ec762c02d113e89e40500e514d769b",
        "type": "github"
      },
      "original": {
        "owner": "pr0d1r2",
        "repo": "nix-lefthook-missing-final-newline",
        "type": "github"
      }
    },
    "nix-lefthook-missing-final-newline_2": {
      "inputs": {
        "nixpkgs": [
          "nix-lefthook-taplo",
          "nixpkgs"
        ]
      },
      "locked": {
        "lastModified": 1776660214,
        "narHash": "sha256-8c9+8Y96Kfwax0gkV2q8nMC78f5SBtMeLThuYfoXbDw=",
        "owner": "pr0d1r2",
        "repo": "nix-lefthook-missing-final-newline",
        "rev": "4c054bb2d3ec762c02d113e89e40500e514d769b",
        "type": "github"
      },
      "original": {
        "owner": "pr0d1r2",
        "repo": "nix-lefthook-missing-final-newline",
        "type": "github"
      }
    },
    "nix-lefthook-nix-no-embedded-shell": {
      "inputs": {
        "nixpkgs": [
          "nixpkgs"
        ]
      },
      "locked": {
        "lastModified": 1776659873,
        "narHash": "sha256-xx2QbAcvsAaet7GMeL/p+cdjAV6KQUCcjpdJBBuxR+Q=",
        "owner": "pr0d1r2",
        "repo": "nix-lefthook-nix-no-embedded-shell",
        "rev": "230f1bb7684167eb4130f8808f869e138212d20d",
        "type": "github"
      },
      "original": {
        "owner": "pr0d1r2",
        "repo": "nix-lefthook-nix-no-embedded-shell",
        "type": "github"
      }
    },
    "nix-lefthook-nix-no-embedded-shell_2": {
      "inputs": {
        "nixpkgs": [
          "nix-lefthook-taplo",
          "nixpkgs"
        ]
      },
      "locked": {
        "lastModified": 1776659873,
        "narHash": "sha256-xx2QbAcvsAaet7GMeL/p+cdjAV6KQUCcjpdJBBuxR+Q=",
        "owner": "pr0d1r2",
        "repo": "nix-lefthook-nix-no-embedded-shell",
        "rev": "230f1bb7684167eb4130f8808f869e138212d20d",
        "type": "github"
      },
      "original": {
        "owner": "pr0d1r2",
        "repo": "nix-lefthook-nix-no-embedded-shell",
        "type": "github"
      }
    },
    "nix-lefthook-taplo": {
      "inputs": {
        "nix-lefthook-git-conflict-markers": "nix-lefthook-git-conflict-markers_2",
        "nix-lefthook-git-no-local-paths": "nix-lefthook-git-no-local-paths_2",
        "nix-lefthook-missing-final-newline": "nix-lefthook-missing-final-newline_2",
        "nix-lefthook-nix-no-embedded-shell": "nix-lefthook-nix-no-embedded-shell_2",
        "nix-lefthook-trailing-whitespace": "nix-lefthook-trailing-whitespace",
        "nixpkgs": [
          "nixpkgs"
        ]
      },
      "locked": {
        "lastModified": 1776661984,
        "narHash": "sha256-EgZBSVNnDygDop+cFuNemKNL+xs4BKOffKX3JngwIlM=",
        "owner": "pr0d1r2",
        "repo": "nix-lefthook-taplo",
        "rev": "f1c566b4332fb65b519d5fc0d32a1e85fd8a827e",
        "type": "github"
      },
      "original": {
        "owner": "pr0d1r2",
        "repo": "nix-lefthook-taplo",
        "type": "github"
      }
    },
    "nix-lefthook-trailing-whitespace": {
      "inputs": {
        "nixpkgs": [
          "nix-lefthook-taplo",
          "nixpkgs"
        ]
      },
      "locked": {
        "lastModified": 1776660152,
        "narHash": "sha256-GIgTuji9M/VyRWkp6m4KzDF1c0L5a53rCq/x24WUvfY=",
        "owner": "pr0d1r2",
        "repo": "nix-lefthook-trailing-whitespace",
        "rev": "a42b9663fc3604efc4e113f8caf0f2ae2064f22a",
        "type": "github"
      },
      "original": {
        "owner": "pr0d1r2",
        "repo": "nix-lefthook-trailing-whitespace",
        "type": "github"
      }
    },
    "nix-lefthook-trailing-whitespace_2": {
      "inputs": {
        "nixpkgs": [
          "nixpkgs"
        ]
      },
      "locked": {
        "lastModified": 1776660152,
        "narHash": "sha256-GIgTuji9M/VyRWkp6m4KzDF1c0L5a53rCq/x24WUvfY=",
        "owner": "pr0d1r2",
        "repo": "nix-lefthook-trailing-whitespace",
        "rev": "a42b9663fc3604efc4e113f8caf0f2ae2064f22a",
        "type": "github"
      },
      "original": {
        "owner": "pr0d1r2",
        "repo": "nix-lefthook-trailing-whitespace",
        "type": "github"
      }
    },
    "nixpkgs": {
      "locked": {
        "lastModified": 1776434932,
        "narHash": "sha256-gyqXNMgk3sh+ogY5svd2eNLJ6oEwzbAeaoBrrxD0lKk=",
        "owner": "NixOS",
        "repo": "nixpkgs",
        "rev": "c7f47036d3df2add644c46d712d14262b7d86c0c",
        "type": "github"
      },
      "original": {
        "owner": "NixOS",
        "ref": "nixos-25.11",
        "repo": "nixpkgs",
        "type": "github"
      }
    },
    "root": {
      "inputs": {
        "nix-lefthook-git-conflict-markers": "nix-lefthook-git-conflict-markers",
        "nix-lefthook-git-no-local-paths": "nix-lefthook-git-no-local-paths",
        "nix-lefthook-missing-final-newline": "nix-lefthook-missing-final-newline",
        "nix-lefthook-nix-no-embedded-shell": "nix-lefthook-nix-no-embedded-shell",
        "nix-lefthook-taplo": "nix-lefthook-taplo",
        "nix-lefthook-trailing-whitespace": "nix-lefthook-trailing-whitespace_2",
        "nixpkgs": "nixpkgs"
      }
    }
  },
  "root": "root",
  "version": 7
}
